
Microsoft Visual Studio Solution File, Format Version 12.00
# Visual Studio Version 17
VisualStudioVersion = 17.3.32825.248
MinimumVisualStudioVersion = 10.0.40219.1
Project("{9A19103F-16F7-4668-BE54-9A1E7A4F7556}") = "U1Act1PruebaControlador", "PruebaControlador\U1Act1PruebaControlador.csproj", "{79ABF968-FC38-46D8-A445-B4AD5E0D377E}"
EndProject
Project("{2150E333-8FDC-42A3-9474-1A3956D46DE8}") = "Unidad 1", "Unidad 1", "{3807A540-3F49-47F6-8322-658DC74B77A2}"
EndProject
Project("{2150E333-8FDC-42A3-9474-1A3956D46DE8}") = "Unidad 2", "Unidad 2", "{A8190E30-D997-4E02-AB1D-BFAA15AFCF91}"
EndProject
Project("{9A19103F-16F7-4668-BE54-9A1E7A4F7556}") = "U2Act1", "..\..\..\Downloads\Practica1U2\Practica1U2\Ejercicio1U2\Ejercicio1U2\U2Act1.csproj", "{55347ABA-99BA-49FC-9982-7C59D0033D33}"
EndProject
Project("{9A19103F-16F7-4668-BE54-9A1E7A4F7556}") = "U2Act2", "Ejercicio2\U2Act2.csproj", "{1D8B76AB-3B98-4BC7-93D7-2516E1BB6006}"
EndProject
Project("{9A19103F-16F7-4668-BE54-9A1E7A4F7556}") = "U1_Tarea1", "U1_Tarea1\U1_Tarea1.csproj", "{6A98B595-4DC2-41EF-9899-A488EC666D1D}"
EndProject
Project("{9A19103F-16F7-4668-BE54-9A1E7A4F7556}") = "U1_Tarea2", "U1_Tarea2\U1_Tarea2.csproj", "{F8154839-1A59-4D92-85BD-855E33EF3860}"
EndProject
Project("{9A19103F-16F7-4668-BE54-9A1E7A4F7556}") = "U2Act3-MapaCurricular", "U2Act3-MapaCurricular\U2Act3-MapaCurricular.csproj", "{90002D6D-8845-4234-AE56-CEB20391F753}"
EndProject
Project("{9A19103F-16F7-4668-BE54-9A1E7A4F7556}") = "U2Act4-Pixar", "U2Act4-Pixar\U2Act4-Pixar.csproj", "{DACB8F0C-325D-46EE-BA68-687C5A4BF9C3}"
EndProject
Project("{9A19103F-16F7-4668-BE54-9A1E7A4F7556}") = "U2Act5-Villancicos", "U2Act5-Villancicos\U2Act5-Villancicos.csproj", "{DDDFAB22-75B7-4591-AF24-A2044CF70026}"
EndProject
Project("{2150E333-8FDC-42A3-9474-1A3956D46DE8}") = "Unidad 3", "Unidad 3", "{F19A31C6-FF95-49B9-A0A6-660E33C90ADC}"
EndProject
Project("{FAE04EC0-301F-11D3-BF4B-00C04F79EFBC}") = "U3Act1AlumnadoPrueba", "U3Act1AlumnadoPrueba\U3Act1AlumnadoPrueba.csproj", "{09543809-621B-4866-B9F9-8419AC175343}"
EndProject
Global
	GlobalSection(SolutionConfigurationPlatforms) = preSolution
		Debug|Any CPU = Debug|Any CPU
		Release|Any CPU = Release|Any CPU
	EndGlobalSection
	GlobalSection(ProjectConfigurationPlatforms) = postSolution
		{79ABF968-FC38-46D8-A445-B4AD5E0D377E}.Debug|Any CPU.ActiveCfg = Debug|Any CPU
		{79ABF968-FC38-46D8-A445-B4AD5E0D377E}.Debug|Any CPU.Build.0 = Debug|Any CPU
		{79ABF968-FC38-46D8-A445-B4AD5E0D377E}.Release|Any CPU.ActiveCfg = Release|Any CPU
		{79ABF968-FC38-46D8-A445-B4AD5E0D377E}.Release|Any CPU.Build.0 = Release|Any CPU
		{55347ABA-99BA-49FC-9982-7C59D0033D33}.Debug|Any CPU.ActiveCfg = Debug|Any CPU
		{55347ABA-99BA-49FC-9982-7C59D0033D33}.Debug|Any CPU.Build.0 = Debug|Any CPU
		{55347ABA-99BA-49FC-9982-7C59D0033D33}.Release|Any CPU.ActiveCfg = Release|Any CPU
		{55347ABA-99BA-49FC-9982-7C59D0033D33}.Release|Any CPU.Build.0 = Release|Any CPU
		{1D8B76AB-3B98-4BC7-93D7-2516E1BB6006}.Debug|Any CPU.ActiveCfg = Debug|Any CPU
		{1D8B76AB-3B98-4BC7-93D7-2516E1BB6006}.Debug|Any CPU.Build.0 = Debug|Any CPU
		{1D8B76AB-3B98-4BC7-93D7-2516E1BB6006}.Release|Any CPU.ActiveCfg = Release|Any CPU
		{1D8B76AB-3B98-4BC7-93D7-2516E1BB6006}.Release|Any CPU.Build.0 = Release|Any CPU
		{6A98B595-4DC2-41EF-9899-A488EC666D1D}.Debug|Any CPU.ActiveCfg = Debug|Any CPU
		{6A98B595-4DC2-41EF-9899-A488EC666D1D}.Debug|Any CPU.Build.0 = Debug|Any CPU
		{6A98B595-4DC2-41EF-9899-A488EC666D1D}.Release|Any CPU.ActiveCfg = Release|Any CPU
		{6A98B595-4DC2-41EF-9899-A488EC666D1D}.Release|Any CPU.Build.0 = Release|Any CPU
		{F8154839-1A59-4D92-85BD-855E33EF3860}.Debug|Any CPU.ActiveCfg = Debug|Any CPU
		{F8154839-1A59-4D92-85BD-855E33EF3860}.Debug|Any CPU.Build.0 = Debug|Any CPU
		{F8154839-1A59-4D92-85BD-855E33EF3860}.Release|Any CPU.ActiveCfg = Release|Any CPU
		{F8154839-1A59-4D92-85BD-855E33EF3860}.Release|Any CPU.Build.0 = Release|Any CPU
		{90002D6D-8845-4234-AE56-CEB20391F753}.Debug|Any CPU.ActiveCfg = Debug|Any CPU
		{90002D6D-8845-4234-AE56-CEB20391F753}.Debug|Any CPU.Build.0 = Debug|Any CPU
		{90002D6D-8845-4234-AE56-CEB20391F753}.Release|Any CPU.ActiveCfg = Release|Any CPU
		{90002D6D-8845-4234-AE56-CEB20391F753}.Release|Any CPU.Build.0 = Release|Any CPU
		{DACB8F0C-325D-46EE-BA68-687C5A4BF9C3}.Debug|Any CPU.ActiveCfg = Debug|Any CPU
		{DACB8F0C-325D-46EE-BA68-687C5A4BF9C3}.Debug|Any CPU.Build.0 = Debug|Any CPU
		{DACB8F0C-325D-46EE-BA68-687C5A4BF9C3}.Release|Any CPU.ActiveCfg = Release|Any CPU
		{DACB8F0C-325D-46EE-BA68-687C5A4BF9C3}.Release|Any CPU.Build.0 = Release|Any CPU
		{DDDFAB22-75B7-4591-AF24-A2044CF70026}.Debug|Any CPU.ActiveCfg = Debug|Any CPU
		{DDDFAB22-75B7-4591-AF24-A2044CF70026}.Debug|Any CPU.Build.0 = Debug|Any CPU
		{DDDFAB22-75B7-4591-AF24-A2044CF70026}.Release|Any CPU.ActiveCfg = Release|Any CPU
		{DDDFAB22-75B7-4591-AF24-A2044CF70026}.Release|Any CPU.Build.0 = Release|Any CPU
		{09543809-621B-4866-B9F9-8419AC175343}.Debug|Any CPU.ActiveCfg = Debug|Any CPU
		{09543809-621B-4866-B9F9-8419AC175343}.Debug|Any CPU.Build.0 = Debug|Any CPU
		{09543809-621B-4866-B9F9-8419AC175343}.Release|Any CPU.ActiveCfg = Release|Any CPU
		{09543809-621B-4866-B9F9-8419AC175343}.Release|Any CPU.Build.0 = Release|Any CPU
	EndGlobalSection
	GlobalSection(SolutionProperties) = preSolution
		HideSolutionNode = FALSE
	EndGlobalSection
	GlobalSection(NestedProjects) = preSolution
		{79ABF968-FC38-46D8-A445-B4AD5E0D377E} = {3807A540-3F49-47F6-8322-658DC74B77A2}
		{55347ABA-99BA-49FC-9982-7C59D0033D33} = {A8190E30-D997-4E02-AB1D-BFAA15AFCF91}
		{1D8B76AB-3B98-4BC7-93D7-2516E1BB6006} = {A8190E30-D997-4E02-AB1D-BFAA15AFCF91}
		{6A98B595-4DC2-41EF-9899-A488EC666D1D} = {3807A540-3F49-47F6-8322-658DC74B77A2}
		{F8154839-1A59-4D92-85BD-855E33EF3860} = {3807A540-3F49-47F6-8322-658DC74B77A2}
		{90002D6D-8845-4234-AE56-CEB20391F753} = {A8190E30-D997-4E02-AB1D-BFAA15AFCF91}
		{DACB8F0C-325D-46EE-BA68-687C5A4BF9C3} = {A8190E30-D997-4E02-AB1D-BFAA15AFCF91}
		{DDDFAB22-75B7-4591-AF24-A2044CF70026} = {A8190E30-D997-4E02-AB1D-BFAA15AFCF91}
		{09543809-621B-4866-B9F9-8419AC175343} = {F19A31C6-FF95-49B9-A0A6-660E33C90ADC}
	EndGlobalSection
	GlobalSection(ExtensibilityGlobals) = postSolution
		SolutionGuid = {45E2C9DF-884F-41BE-9B24-5B3EA0843E82}
	EndGlobalSection
EndGlobal
